
Microsoft Visual Studio Solution File, Format Version 12.00
# Visual Studio Version 16
VisualStudioVersion = 16.0.29215.179
MinimumVisualStudioVersion = 10.0.40219.1
Project("{FAE04EC0-301F-11D3-BF4B-00C04F79EFBC}") = "SQLite", "SQLite\SQLite.csproj", "{9B079D1E-FBA3-44FD-A819-DFF360349BF8}"
EndProject
Project("{9A19103F-16F7-4668-BE54-9A1E7A4F7556}") = "MongoDB", "MongoDB\MongoDB.csproj", "{063396E9-69FA-414D-893E-70EA9E7A7A85}"
EndProject
Project("{9A19103F-16F7-4668-BE54-9A1E7A4F7556}") = "SqlitePclLock", "SqlitePclLock\SqlitePclLock.csproj", "{48B56F50-63D8-4C5C-9376-31D8AB387690}"
EndProject
Project("{9A19103F-16F7-4668-BE54-9A1E7A4F7556}") = "RealmPcl", "RealmPcl\RealmPcl.csproj", "{AD2FA442-F8C9-49AE-91C7-6C22CEC43DCA}"
EndProject
Project("{9A19103F-16F7-4668-BE54-9A1E7A4F7556}") = "LongRunningTasks", "LongRunningTasks\LongRunningTasks.csproj", "{6259736F-F610-42AD-9689-03DEC8929B09}"
EndProject
Project("{FAE04EC0-301F-11D3-BF4B-00C04F79EFBC}") = "ExceptionHandling", "ExceptionHandling\ExceptionHandling.csproj", "{CD45F8D9-2AD6-4D52-929F-57A366150345}"
EndProject
Project("{FAE04EC0-301F-11D3-BF4B-00C04F79EFBC}") = "ExceptionHandlingShared", "ExceptionHandlingShared\ExceptionHandlingShared.csproj", "{A42BA20F-76CE-4D55-A53A-734E2FA134A0}"
EndProject
Global
	GlobalSection(SolutionConfigurationPlatforms) = preSolution
		Debug|Any CPU = Debug|Any CPU
		Release|Any CPU = Release|Any CPU
	EndGlobalSection
	GlobalSection(ProjectConfigurationPlatforms) = postSolution
		{9B079D1E-FBA3-44FD-A819-DFF360349BF8}.Debug|Any CPU.ActiveCfg = Debug|Any CPU
		{9B079D1E-FBA3-44FD-A819-DFF360349BF8}.Debug|Any CPU.Build.0 = Debug|Any CPU
		{9B079D1E-FBA3-44FD-A819-DFF360349BF8}.Release|Any CPU.ActiveCfg = Release|Any CPU
		{9B079D1E-FBA3-44FD-A819-DFF360349BF8}.Release|Any CPU.Build.0 = Release|Any CPU
		{063396E9-69FA-414D-893E-70EA9E7A7A85}.Debug|Any CPU.ActiveCfg = Debug|Any CPU
		{063396E9-69FA-414D-893E-70EA9E7A7A85}.Debug|Any CPU.Build.0 = Debug|Any CPU
		{063396E9-69FA-414D-893E-70EA9E7A7A85}.Release|Any CPU.ActiveCfg = Release|Any CPU
		{063396E9-69FA-414D-893E-70EA9E7A7A85}.Release|Any CPU.Build.0 = Release|Any CPU
		{48B56F50-63D8-4C5C-9376-31D8AB387690}.Debug|Any CPU.ActiveCfg = Debug|Any CPU
		{48B56F50-63D8-4C5C-9376-31D8AB387690}.Debug|Any CPU.Build.0 = Debug|Any CPU
		{48B56F50-63D8-4C5C-9376-31D8AB387690}.Release|Any CPU.ActiveCfg = Release|Any CPU
		{48B56F50-63D8-4C5C-9376-31D8AB387690}.Release|Any CPU.Build.0 = Release|Any CPU
		{AD2FA442-F8C9-49AE-91C7-6C22CEC43DCA}.Debug|Any CPU.ActiveCfg = Debug|Any CPU
		{AD2FA442-F8C9-49AE-91C7-6C22CEC43DCA}.Debug|Any CPU.Build.0 = Debug|Any CPU
		{AD2FA442-F8C9-49AE-91C7-6C22CEC43DCA}.Release|Any CPU.ActiveCfg = Release|Any CPU
		{AD2FA442-F8C9-49AE-91C7-6C22CEC43DCA}.Release|Any CPU.Build.0 = Release|Any CPU
		{6259736F-F610-42AD-9689-03DEC8929B09}.Debug|Any CPU.ActiveCfg = Debug|Any CPU
		{6259736F-F610-42AD-9689-03DEC8929B09}.Debug|Any CPU.Build.0 = Debug|Any CPU
		{6259736F-F610-42AD-9689-03DEC8929B09}.Release|Any CPU.ActiveCfg = Release|Any CPU
		{6259736F-F610-42AD-9689-03DEC8929B09}.Release|Any CPU.Build.0 = Release|Any CPU
		{CD45F8D9-2AD6-4D52-929F-57A366150345}.Debug|Any CPU.ActiveCfg = Debug|Any CPU
		{CD45F8D9-2AD6-4D52-929F-57A366150345}.Debug|Any CPU.Build.0 = Debug|Any CPU
		{CD45F8D9-2AD6-4D52-929F-57A366150345}.Release|Any CPU.ActiveCfg = Release|Any CPU
		{CD45F8D9-2AD6-4D52-929F-57A366150345}.Release|Any CPU.Build.0 = Release|Any CPU
		{A42BA20F-76CE-4D55-A53A-734E2FA134A0}.Debug|Any CPU.ActiveCfg = Debug|Any CPU
		{A42BA20F-76CE-4D55-A53A-734E2FA134A0}.Debug|Any CPU.Build.0 = Debug|Any CPU
		{A42BA20F-76CE-4D55-A53A-734E2FA134A0}.Release|Any CPU.ActiveCfg = Release|Any CPU
		{A42BA20F-76CE-4D55-A53A-734E2FA134A0}.Release|Any CPU.Build.0 = Release|Any CPU
	EndGlobalSection
	GlobalSection(SolutionProperties) = preSolution
		HideSolutionNode = FALSE
	EndGlobalSection
	GlobalSection(ExtensibilityGlobals) = postSolution
		SolutionGuid = {55446AE6-71EC-46A6-BD02-FF7B9F353D0A}
	EndGlobalSection
EndGlobal
