
Microsoft Visual Studio Solution File, Format Version 12.00
# Visual Studio 15
VisualStudioVersion = 15.0.26430.16
MinimumVisualStudioVersion = 10.0.40219.1
Project("{FAE04EC0-301F-11D3-BF4B-00C04F79EFBC}") = "XamarinFormsTest.Android", "XamarinFormsTest\XamarinFormsTest.Android\XamarinFormsTest.Android.csproj", "{95E6AFB3-C83F-462A-9B94-C959320AEDCF}"
EndProject
Project("{FAE04EC0-301F-11D3-BF4B-00C04F79EFBC}") = "XamarinFormsTest", "XamarinFormsTest\XamarinFormsTest\XamarinFormsTest.csproj", "{67F9D3A8-F71E-4428-913F-C37AE82CDB24}"
EndProject
Global
	GlobalSection(SolutionConfigurationPlatforms) = preSolution
		Debug|Any CPU = Debug|Any CPU
		Debug|ARM = Debug|ARM
		Debug|iPhone = Debug|iPhone
		Debug|iPhoneSimulator = Debug|iPhoneSimulator
		Debug|x64 = Debug|x64
		Debug|x86 = Debug|x86
		Release|Any CPU = Release|Any CPU
		Release|ARM = Release|ARM
		Release|iPhone = Release|iPhone
		Release|iPhoneSimulator = Release|iPhoneSimulator
		Release|x64 = Release|x64
		Release|x86 = Release|x86
	EndGlobalSection
	GlobalSection(ProjectConfigurationPlatforms) = postSolution
		{95E6AFB3-C83F-462A-9B94-C959320AEDCF}.Debug|Any CPU.ActiveCfg = Debug|Any CPU
		{95E6AFB3-C83F-462A-9B94-C959320AEDCF}.Debug|Any CPU.Build.0 = Debug|Any CPU
		{95E6AFB3-C83F-462A-9B94-C959320AEDCF}.Debug|Any CPU.Deploy.0 = Debug|Any CPU
		{95E6AFB3-C83F-462A-9B94-C959320AEDCF}.Debug|ARM.ActiveCfg = Debug|Any CPU
		{95E6AFB3-C83F-462A-9B94-C959320AEDCF}.Debug|ARM.Build.0 = Debug|Any CPU
		{95E6AFB3-C83F-462A-9B94-C959320AEDCF}.Debug|ARM.Deploy.0 = Debug|Any CPU
		{95E6AFB3-C83F-462A-9B94-C959320AEDCF}.Debug|iPhone.ActiveCfg = Debug|Any CPU
		{95E6AFB3-C83F-462A-9B94-C959320AEDCF}.Debug|iPhone.Build.0 = Debug|Any CPU
		{95E6AFB3-C83F-462A-9B94-C959320AEDCF}.Debug|iPhone.Deploy.0 = Debug|Any CPU
		{95E6AFB3-C83F-462A-9B94-C959320AEDCF}.Debug|iPhoneSimulator.ActiveCfg = Debug|Any CPU
		{95E6AFB3-C83F-462A-9B94-C959320AEDCF}.Debug|iPhoneSimulator.Build.0 = Debug|Any CPU
		{95E6AFB3-C83F-462A-9B94-C959320AEDCF}.Debug|iPhoneSimulator.Deploy.0 = Debug|Any CPU
		{95E6AFB3-C83F-462A-9B94-C959320AEDCF}.Debug|x64.ActiveCfg = Debug|Any CPU
		{95E6AFB3-C83F-462A-9B94-C959320AEDCF}.Debug|x64.Build.0 = Debug|Any CPU
		{95E6AFB3-C83F-462A-9B94-C959320AEDCF}.Debug|x64.Deploy.0 = Debug|Any CPU
		{95E6AFB3-C83F-462A-9B94-C959320AEDCF}.Debug|x86.ActiveCfg = Debug|Any CPU
		{95E6AFB3-C83F-462A-9B94-C959320AEDCF}.Debug|x86.Build.0 = Debug|Any CPU
		{95E6AFB3-C83F-462A-9B94-C959320AEDCF}.Debug|x86.Deploy.0 = Debug|Any CPU
		{95E6AFB3-C83F-462A-9B94-C959320AEDCF}.Release|Any CPU.ActiveCfg = Release|Any CPU
		{95E6AFB3-C83F-462A-9B94-C959320AEDCF}.Release|Any CPU.Build.0 = Release|Any CPU
		{95E6AFB3-C83F-462A-9B94-C959320AEDCF}.Release|Any CPU.Deploy.0 = Release|Any CPU
		{95E6AFB3-C83F-462A-9B94-C959320AEDCF}.Release|ARM.ActiveCfg = Release|Any CPU
		{95E6AFB3-C83F-462A-9B94-C959320AEDCF}.Release|ARM.Build.0 = Release|Any CPU
		{95E6AFB3-C83F-462A-9B94-C959320AEDCF}.Release|ARM.Deploy.0 = Release|Any CPU
		{95E6AFB3-C83F-462A-9B94-C959320AEDCF}.Release|iPhone.ActiveCfg = Release|Any CPU
		{95E6AFB3-C83F-462A-9B94-C959320AEDCF}.Release|iPhone.Build.0 = Release|Any CPU
		{95E6AFB3-C83F-462A-9B94-C959320AEDCF}.Release|iPhone.Deploy.0 = Release|Any CPU
		{95E6AFB3-C83F-462A-9B94-C959320AEDCF}.Release|iPhoneSimulator.ActiveCfg = Release|Any CPU
		{95E6AFB3-C83F-462A-9B94-C959320AEDCF}.Release|iPhoneSimulator.Build.0 = Release|Any CPU
		{95E6AFB3-C83F-462A-9B94-C959320AEDCF}.Release|iPhoneSimulator.Deploy.0 = Release|Any CPU
		{95E6AFB3-C83F-462A-9B94-C959320AEDCF}.Release|x64.ActiveCfg = Release|Any CPU
		{95E6AFB3-C83F-462A-9B94-C959320AEDCF}.Release|x64.Build.0 = Release|Any CPU
		{95E6AFB3-C83F-462A-9B94-C959320AEDCF}.Release|x64.Deploy.0 = Release|Any CPU
		{95E6AFB3-C83F-462A-9B94-C959320AEDCF}.Release|x86.ActiveCfg = Release|Any CPU
		{95E6AFB3-C83F-462A-9B94-C959320AEDCF}.Release|x86.Build.0 = Release|Any CPU
		{95E6AFB3-C83F-462A-9B94-C959320AEDCF}.Release|x86.Deploy.0 = Release|Any CPU
		{67F9D3A8-F71E-4428-913F-C37AE82CDB24}.Debug|Any CPU.ActiveCfg = Debug|Any CPU
		{67F9D3A8-F71E-4428-913F-C37AE82CDB24}.Debug|Any CPU.Build.0 = Debug|Any CPU
		{67F9D3A8-F71E-4428-913F-C37AE82CDB24}.Debug|ARM.ActiveCfg = Debug|Any CPU
		{67F9D3A8-F71E-4428-913F-C37AE82CDB24}.Debug|ARM.Build.0 = Debug|Any CPU
		{67F9D3A8-F71E-4428-913F-C37AE82CDB24}.Debug|iPhone.ActiveCfg = Debug|Any CPU
		{67F9D3A8-F71E-4428-913F-C37AE82CDB24}.Debug|iPhone.Build.0 = Debug|Any CPU
		{67F9D3A8-F71E-4428-913F-C37AE82CDB24}.Debug|iPhoneSimulator.ActiveCfg = Debug|Any CPU
		{67F9D3A8-F71E-4428-913F-C37AE82CDB24}.Debug|iPhoneSimulator.Build.0 = Debug|Any CPU
		{67F9D3A8-F71E-4428-913F-C37AE82CDB24}.Debug|x64.ActiveCfg = Debug|Any CPU
		{67F9D3A8-F71E-4428-913F-C37AE82CDB24}.Debug|x64.Build.0 = Debug|Any CPU
		{67F9D3A8-F71E-4428-913F-C37AE82CDB24}.Debug|x86.ActiveCfg = Debug|Any CPU
		{67F9D3A8-F71E-4428-913F-C37AE82CDB24}.Debug|x86.Build.0 = Debug|Any CPU
		{67F9D3A8-F71E-4428-913F-C37AE82CDB24}.Release|Any CPU.ActiveCfg = Release|Any CPU
		{67F9D3A8-F71E-4428-913F-C37AE82CDB24}.Release|Any CPU.Build.0 = Release|Any CPU
		{67F9D3A8-F71E-4428-913F-C37AE82CDB24}.Release|ARM.ActiveCfg = Release|Any CPU
		{67F9D3A8-F71E-4428-913F-C37AE82CDB24}.Release|ARM.Build.0 = Release|Any CPU
		{67F9D3A8-F71E-4428-913F-C37AE82CDB24}.Release|iPhone.ActiveCfg = Release|Any CPU
		{67F9D3A8-F71E-4428-913F-C37AE82CDB24}.Release|iPhone.Build.0 = Release|Any CPU
		{67F9D3A8-F71E-4428-913F-C37AE82CDB24}.Release|iPhoneSimulator.ActiveCfg = Release|Any CPU
		{67F9D3A8-F71E-4428-913F-C37AE82CDB24}.Release|iPhoneSimulator.Build.0 = Release|Any CPU
		{67F9D3A8-F71E-4428-913F-C37AE82CDB24}.Release|x64.ActiveCfg = Release|Any CPU
		{67F9D3A8-F71E-4428-913F-C37AE82CDB24}.Release|x64.Build.0 = Release|Any CPU
		{67F9D3A8-F71E-4428-913F-C37AE82CDB24}.Release|x86.ActiveCfg = Release|Any CPU
		{67F9D3A8-F71E-4428-913F-C37AE82CDB24}.Release|x86.Build.0 = Release|Any CPU
	EndGlobalSection
	GlobalSection(SolutionProperties) = preSolution
		HideSolutionNode = FALSE
	EndGlobalSection
EndGlobal
