
Microsoft Visual Studio Solution File, Format Version 12.00
# Visual Studio 15
VisualStudioVersion = 15.0.27004.2002
MinimumVisualStudioVersion = 10.0.40219.1
Project("{FAE04EC0-301F-11D3-BF4B-00C04F79EFBC}") = "Forms.Android", "Forms\Forms.Android\Forms.Android.csproj", "{D6F9B4B7-FA5D-4110-A0D1-4F7685C038F5}"
EndProject
Project("{9A19103F-16F7-4668-BE54-9A1E7A4F7556}") = "Forms", "Forms\Forms\Forms.csproj", "{7C8C9813-2DC6-4AC1-886E-9699B288ECBC}"
EndProject
Project("{FAE04EC0-301F-11D3-BF4B-00C04F79EFBC}") = "Forms.Driving", "Forms\Forms.Driving\Forms.Driving.csproj", "{DE9ECFF2-04D0-4A3E-B4D2-F171DAF0B453}"
EndProject
Global
	GlobalSection(SolutionConfigurationPlatforms) = preSolution
		Debug|Any CPU = Debug|Any CPU
		Debug|ARM = Debug|ARM
		Debug|iPhone = Debug|iPhone
		Debug|iPhoneSimulator = Debug|iPhoneSimulator
		Debug|x64 = Debug|x64
		Debug|x86 = Debug|x86
		Release|Any CPU = Release|Any CPU
		Release|ARM = Release|ARM
		Release|iPhone = Release|iPhone
		Release|iPhoneSimulator = Release|iPhoneSimulator
		Release|x64 = Release|x64
		Release|x86 = Release|x86
	EndGlobalSection
	GlobalSection(ProjectConfigurationPlatforms) = postSolution
		{D6F9B4B7-FA5D-4110-A0D1-4F7685C038F5}.Debug|Any CPU.ActiveCfg = Debug|Any CPU
		{D6F9B4B7-FA5D-4110-A0D1-4F7685C038F5}.Debug|Any CPU.Build.0 = Debug|Any CPU
		{D6F9B4B7-FA5D-4110-A0D1-4F7685C038F5}.Debug|Any CPU.Deploy.0 = Debug|Any CPU
		{D6F9B4B7-FA5D-4110-A0D1-4F7685C038F5}.Debug|ARM.ActiveCfg = Debug|Any CPU
		{D6F9B4B7-FA5D-4110-A0D1-4F7685C038F5}.Debug|ARM.Build.0 = Debug|Any CPU
		{D6F9B4B7-FA5D-4110-A0D1-4F7685C038F5}.Debug|ARM.Deploy.0 = Debug|Any CPU
		{D6F9B4B7-FA5D-4110-A0D1-4F7685C038F5}.Debug|iPhone.ActiveCfg = Debug|Any CPU
		{D6F9B4B7-FA5D-4110-A0D1-4F7685C038F5}.Debug|iPhone.Build.0 = Debug|Any CPU
		{D6F9B4B7-FA5D-4110-A0D1-4F7685C038F5}.Debug|iPhone.Deploy.0 = Debug|Any CPU
		{D6F9B4B7-FA5D-4110-A0D1-4F7685C038F5}.Debug|iPhoneSimulator.ActiveCfg = Debug|Any CPU
		{D6F9B4B7-FA5D-4110-A0D1-4F7685C038F5}.Debug|iPhoneSimulator.Build.0 = Debug|Any CPU
		{D6F9B4B7-FA5D-4110-A0D1-4F7685C038F5}.Debug|iPhoneSimulator.Deploy.0 = Debug|Any CPU
		{D6F9B4B7-FA5D-4110-A0D1-4F7685C038F5}.Debug|x64.ActiveCfg = Debug|Any CPU
		{D6F9B4B7-FA5D-4110-A0D1-4F7685C038F5}.Debug|x64.Build.0 = Debug|Any CPU
		{D6F9B4B7-FA5D-4110-A0D1-4F7685C038F5}.Debug|x64.Deploy.0 = Debug|Any CPU
		{D6F9B4B7-FA5D-4110-A0D1-4F7685C038F5}.Debug|x86.ActiveCfg = Debug|Any CPU
		{D6F9B4B7-FA5D-4110-A0D1-4F7685C038F5}.Debug|x86.Build.0 = Debug|Any CPU
		{D6F9B4B7-FA5D-4110-A0D1-4F7685C038F5}.Debug|x86.Deploy.0 = Debug|Any CPU
		{D6F9B4B7-FA5D-4110-A0D1-4F7685C038F5}.Release|Any CPU.ActiveCfg = Release|Any CPU
		{D6F9B4B7-FA5D-4110-A0D1-4F7685C038F5}.Release|Any CPU.Build.0 = Release|Any CPU
		{D6F9B4B7-FA5D-4110-A0D1-4F7685C038F5}.Release|Any CPU.Deploy.0 = Release|Any CPU
		{D6F9B4B7-FA5D-4110-A0D1-4F7685C038F5}.Release|ARM.ActiveCfg = Release|Any CPU
		{D6F9B4B7-FA5D-4110-A0D1-4F7685C038F5}.Release|ARM.Build.0 = Release|Any CPU
		{D6F9B4B7-FA5D-4110-A0D1-4F7685C038F5}.Release|ARM.Deploy.0 = Release|Any CPU
		{D6F9B4B7-FA5D-4110-A0D1-4F7685C038F5}.Release|iPhone.ActiveCfg = Release|Any CPU
		{D6F9B4B7-FA5D-4110-A0D1-4F7685C038F5}.Release|iPhone.Build.0 = Release|Any CPU
		{D6F9B4B7-FA5D-4110-A0D1-4F7685C038F5}.Release|iPhone.Deploy.0 = Release|Any CPU
		{D6F9B4B7-FA5D-4110-A0D1-4F7685C038F5}.Release|iPhoneSimulator.ActiveCfg = Release|Any CPU
		{D6F9B4B7-FA5D-4110-A0D1-4F7685C038F5}.Release|iPhoneSimulator.Build.0 = Release|Any CPU
		{D6F9B4B7-FA5D-4110-A0D1-4F7685C038F5}.Release|iPhoneSimulator.Deploy.0 = Release|Any CPU
		{D6F9B4B7-FA5D-4110-A0D1-4F7685C038F5}.Release|x64.ActiveCfg = Release|Any CPU
		{D6F9B4B7-FA5D-4110-A0D1-4F7685C038F5}.Release|x64.Build.0 = Release|Any CPU
		{D6F9B4B7-FA5D-4110-A0D1-4F7685C038F5}.Release|x64.Deploy.0 = Release|Any CPU
		{D6F9B4B7-FA5D-4110-A0D1-4F7685C038F5}.Release|x86.ActiveCfg = Release|Any CPU
		{D6F9B4B7-FA5D-4110-A0D1-4F7685C038F5}.Release|x86.Build.0 = Release|Any CPU
		{D6F9B4B7-FA5D-4110-A0D1-4F7685C038F5}.Release|x86.Deploy.0 = Release|Any CPU
		{7C8C9813-2DC6-4AC1-886E-9699B288ECBC}.Debug|Any CPU.ActiveCfg = Debug|Any CPU
		{7C8C9813-2DC6-4AC1-886E-9699B288ECBC}.Debug|Any CPU.Build.0 = Debug|Any CPU
		{7C8C9813-2DC6-4AC1-886E-9699B288ECBC}.Debug|ARM.ActiveCfg = Debug|Any CPU
		{7C8C9813-2DC6-4AC1-886E-9699B288ECBC}.Debug|ARM.Build.0 = Debug|Any CPU
		{7C8C9813-2DC6-4AC1-886E-9699B288ECBC}.Debug|iPhone.ActiveCfg = Debug|Any CPU
		{7C8C9813-2DC6-4AC1-886E-9699B288ECBC}.Debug|iPhone.Build.0 = Debug|Any CPU
		{7C8C9813-2DC6-4AC1-886E-9699B288ECBC}.Debug|iPhoneSimulator.ActiveCfg = Debug|Any CPU
		{7C8C9813-2DC6-4AC1-886E-9699B288ECBC}.Debug|iPhoneSimulator.Build.0 = Debug|Any CPU
		{7C8C9813-2DC6-4AC1-886E-9699B288ECBC}.Debug|x64.ActiveCfg = Debug|Any CPU
		{7C8C9813-2DC6-4AC1-886E-9699B288ECBC}.Debug|x64.Build.0 = Debug|Any CPU
		{7C8C9813-2DC6-4AC1-886E-9699B288ECBC}.Debug|x86.ActiveCfg = Debug|Any CPU
		{7C8C9813-2DC6-4AC1-886E-9699B288ECBC}.Debug|x86.Build.0 = Debug|Any CPU
		{7C8C9813-2DC6-4AC1-886E-9699B288ECBC}.Release|Any CPU.ActiveCfg = Release|Any CPU
		{7C8C9813-2DC6-4AC1-886E-9699B288ECBC}.Release|Any CPU.Build.0 = Release|Any CPU
		{7C8C9813-2DC6-4AC1-886E-9699B288ECBC}.Release|ARM.ActiveCfg = Release|Any CPU
		{7C8C9813-2DC6-4AC1-886E-9699B288ECBC}.Release|ARM.Build.0 = Release|Any CPU
		{7C8C9813-2DC6-4AC1-886E-9699B288ECBC}.Release|iPhone.ActiveCfg = Release|Any CPU
		{7C8C9813-2DC6-4AC1-886E-9699B288ECBC}.Release|iPhone.Build.0 = Release|Any CPU
		{7C8C9813-2DC6-4AC1-886E-9699B288ECBC}.Release|iPhoneSimulator.ActiveCfg = Release|Any CPU
		{7C8C9813-2DC6-4AC1-886E-9699B288ECBC}.Release|iPhoneSimulator.Build.0 = Release|Any CPU
		{7C8C9813-2DC6-4AC1-886E-9699B288ECBC}.Release|x64.ActiveCfg = Release|Any CPU
		{7C8C9813-2DC6-4AC1-886E-9699B288ECBC}.Release|x64.Build.0 = Release|Any CPU
		{7C8C9813-2DC6-4AC1-886E-9699B288ECBC}.Release|x86.ActiveCfg = Release|Any CPU
		{7C8C9813-2DC6-4AC1-886E-9699B288ECBC}.Release|x86.Build.0 = Release|Any CPU
		{DE9ECFF2-04D0-4A3E-B4D2-F171DAF0B453}.Debug|Any CPU.ActiveCfg = Debug|Any CPU
		{DE9ECFF2-04D0-4A3E-B4D2-F171DAF0B453}.Debug|Any CPU.Build.0 = Debug|Any CPU
		{DE9ECFF2-04D0-4A3E-B4D2-F171DAF0B453}.Debug|ARM.ActiveCfg = Debug|Any CPU
		{DE9ECFF2-04D0-4A3E-B4D2-F171DAF0B453}.Debug|ARM.Build.0 = Debug|Any CPU
		{DE9ECFF2-04D0-4A3E-B4D2-F171DAF0B453}.Debug|iPhone.ActiveCfg = Debug|Any CPU
		{DE9ECFF2-04D0-4A3E-B4D2-F171DAF0B453}.Debug|iPhone.Build.0 = Debug|Any CPU
		{DE9ECFF2-04D0-4A3E-B4D2-F171DAF0B453}.Debug|iPhoneSimulator.ActiveCfg = Debug|Any CPU
		{DE9ECFF2-04D0-4A3E-B4D2-F171DAF0B453}.Debug|iPhoneSimulator.Build.0 = Debug|Any CPU
		{DE9ECFF2-04D0-4A3E-B4D2-F171DAF0B453}.Debug|x64.ActiveCfg = Debug|Any CPU
		{DE9ECFF2-04D0-4A3E-B4D2-F171DAF0B453}.Debug|x64.Build.0 = Debug|Any CPU
		{DE9ECFF2-04D0-4A3E-B4D2-F171DAF0B453}.Debug|x86.ActiveCfg = Debug|Any CPU
		{DE9ECFF2-04D0-4A3E-B4D2-F171DAF0B453}.Debug|x86.Build.0 = Debug|Any CPU
		{DE9ECFF2-04D0-4A3E-B4D2-F171DAF0B453}.Release|Any CPU.ActiveCfg = Release|Any CPU
		{DE9ECFF2-04D0-4A3E-B4D2-F171DAF0B453}.Release|Any CPU.Build.0 = Release|Any CPU
		{DE9ECFF2-04D0-4A3E-B4D2-F171DAF0B453}.Release|ARM.ActiveCfg = Release|Any CPU
		{DE9ECFF2-04D0-4A3E-B4D2-F171DAF0B453}.Release|ARM.Build.0 = Release|Any CPU
		{DE9ECFF2-04D0-4A3E-B4D2-F171DAF0B453}.Release|iPhone.ActiveCfg = Release|Any CPU
		{DE9ECFF2-04D0-4A3E-B4D2-F171DAF0B453}.Release|iPhone.Build.0 = Release|Any CPU
		{DE9ECFF2-04D0-4A3E-B4D2-F171DAF0B453}.Release|iPhoneSimulator.ActiveCfg = Release|Any CPU
		{DE9ECFF2-04D0-4A3E-B4D2-F171DAF0B453}.Release|iPhoneSimulator.Build.0 = Release|Any CPU
		{DE9ECFF2-04D0-4A3E-B4D2-F171DAF0B453}.Release|x64.ActiveCfg = Release|Any CPU
		{DE9ECFF2-04D0-4A3E-B4D2-F171DAF0B453}.Release|x64.Build.0 = Release|Any CPU
		{DE9ECFF2-04D0-4A3E-B4D2-F171DAF0B453}.Release|x86.ActiveCfg = Release|Any CPU
		{DE9ECFF2-04D0-4A3E-B4D2-F171DAF0B453}.Release|x86.Build.0 = Release|Any CPU
	EndGlobalSection
	GlobalSection(SolutionProperties) = preSolution
		HideSolutionNode = FALSE
	EndGlobalSection
	GlobalSection(ExtensibilityGlobals) = postSolution
		SolutionGuid = {7095A94D-E03E-4048-8B0C-0134A34A37CD}
	EndGlobalSection
EndGlobal
